{
    "version": 3,
    "terraform_version": "0.11.10",
    "serial": 7,
    "lineage": "bcc2c9c3-c966-5e41-ea7f-dad35b156331",
    "modules": [
        {
            "path": [
                "root"
            ],
            "outputs": {},
            "resources": {
                "aws_internet_gateway.gw": {
                    "type": "aws_internet_gateway",
                    "depends_on": [
                        "aws_vpc.main"
                    ],
                    "primary": {
                        "id": "igw-0435225fa46e80a4d",
                        "attributes": {
                            "id": "igw-0435225fa46e80a4d",
                            "owner_id": "973714476881",
                            "tags.%": "1",
                            "tags.Name": "Student-Proj-IGW",
                            "vpc_id": "vpc-04a79764ca520a7d5"
                        },
                        "meta": {},
                        "tainted": false
                    },
                    "deposed": [],
                    "provider": "provider.aws"
                },
                "aws_route_table.rtable-priv": {
                    "type": "aws_route_table",
                    "depends_on": [
                        "aws_vpc.main"
                    ],
                    "primary": {
                        "id": "rtb-05cc5565414472b44",
                        "attributes": {
                            "id": "rtb-05cc5565414472b44",
                            "owner_id": "973714476881",
                            "propagating_vgws.#": "0",
                            "route.#": "0",
                            "tags.%": "1",
                            "tags.Name": "Student-Proj-Private-RT",
                            "vpc_id": "vpc-04a79764ca520a7d5"
                        },
                        "meta": {},
                        "tainted": false
                    },
                    "deposed": [],
                    "provider": "provider.aws"
                },
                "aws_route_table.rtable-pub": {
                    "type": "aws_route_table",
                    "depends_on": [
                        "aws_internet_gateway.gw",
                        "aws_vpc.main"
                    ],
                    "primary": {
                        "id": "rtb-02e84dd8a291db5a0",
                        "attributes": {
                            "id": "rtb-02e84dd8a291db5a0",
                            "owner_id": "973714476881",
                            "propagating_vgws.#": "0",
                            "route.#": "1",
                            "route.3883621198.cidr_block": "0.0.0.0/0",
                            "route.3883621198.egress_only_gateway_id": "",
                            "route.3883621198.gateway_id": "igw-0435225fa46e80a4d",
                            "route.3883621198.instance_id": "",
                            "route.3883621198.ipv6_cidr_block": "",
                            "route.3883621198.nat_gateway_id": "",
                            "route.3883621198.network_interface_id": "",
                            "route.3883621198.transit_gateway_id": "",
                            "route.3883621198.vpc_peering_connection_id": "",
                            "tags.%": "1",
                            "tags.Name": "Student-Proj-Public-RT",
                            "vpc_id": "vpc-04a79764ca520a7d5"
                        },
                        "meta": {},
                        "tainted": false
                    },
                    "deposed": [],
                    "provider": "provider.aws"
                },
                "aws_route_table_association.priv-a": {
                    "type": "aws_route_table_association",
                    "depends_on": [
                        "aws_route_table.rtable-priv",
                        "aws_subnet.priv-subnet1"
                    ],
                    "primary": {
                        "id": "rtbassoc-050fe67020fa4d0d4",
                        "attributes": {
                            "id": "rtbassoc-050fe67020fa4d0d4",
                            "route_table_id": "rtb-05cc5565414472b44",
                            "subnet_id": "subnet-01c8669f9964b1f69"
                        },
                        "meta": {},
                        "tainted": false
                    },
                    "deposed": [],
                    "provider": "provider.aws"
                },
                "aws_route_table_association.priv-b": {
                    "type": "aws_route_table_association",
                    "depends_on": [
                        "aws_route_table.rtable-priv",
                        "aws_subnet.priv-subnet2"
                    ],
                    "primary": {
                        "id": "rtbassoc-026651165d8cbe912",
                        "attributes": {
                            "id": "rtbassoc-026651165d8cbe912",
                            "route_table_id": "rtb-05cc5565414472b44",
                            "subnet_id": "subnet-026d7fe66cfdbe233"
                        },
                        "meta": {},
                        "tainted": false
                    },
                    "deposed": [],
                    "provider": "provider.aws"
                },
                "aws_route_table_association.pub-a": {
                    "type": "aws_route_table_association",
                    "depends_on": [
                        "aws_route_table.rtable-pub",
                        "aws_subnet.pub-subnet1"
                    ],
                    "primary": {
                        "id": "rtbassoc-0fb0e5923e0a94115",
                        "attributes": {
                            "id": "rtbassoc-0fb0e5923e0a94115",
                            "route_table_id": "rtb-02e84dd8a291db5a0",
                            "subnet_id": "subnet-0b699aafc4e16e355"
                        },
                        "meta": {},
                        "tainted": false
                    },
                    "deposed": [],
                    "provider": "provider.aws"
                },
                "aws_route_table_association.pub-b": {
                    "type": "aws_route_table_association",
                    "depends_on": [
                        "aws_route_table.rtable-pub",
                        "aws_subnet.pub-subnet2"
                    ],
                    "primary": {
                        "id": "rtbassoc-0ca7048cc5ddfb6f8",
                        "attributes": {
                            "id": "rtbassoc-0ca7048cc5ddfb6f8",
                            "route_table_id": "rtb-02e84dd8a291db5a0",
                            "subnet_id": "subnet-00c22782bdafa291d"
                        },
                        "meta": {},
                        "tainted": false
                    },
                    "deposed": [],
                    "provider": "provider.aws"
                },
                "aws_subnet.priv-subnet1": {
                    "type": "aws_subnet",
                    "depends_on": [
                        "aws_vpc.main"
                    ],
                    "primary": {
                        "id": "subnet-01c8669f9964b1f69",
                        "attributes": {
                            "arn": "arn:aws:ec2:us-east-2:973714476881:subnet/subnet-01c8669f9964b1f69",
                            "assign_ipv6_address_on_creation": "false",
                            "availability_zone": "us-east-2a",
                            "availability_zone_id": "use2-az1",
                            "cidr_block": "10.0.2.0/24",
                            "id": "subnet-01c8669f9964b1f69",
                            "ipv6_cidr_block": "",
                            "ipv6_cidr_block_association_id": "",
                            "map_public_ip_on_launch": "false",
                            "owner_id": "973714476881",
                            "tags.%": "1",
                            "tags.Name": "Student-Proj-Private-Subnet-A",
                            "vpc_id": "vpc-04a79764ca520a7d5"
                        },
                        "meta": {
                            "e2bfb730-ecaa-11e6-8f88-34363bc7c4c0": {
                                "create": 600000000000,
                                "delete": 600000000000
                            },
                            "schema_version": "1"
                        },
                        "tainted": false
                    },
                    "deposed": [],
                    "provider": "provider.aws"
                },
                "aws_subnet.priv-subnet2": {
                    "type": "aws_subnet",
                    "depends_on": [
                        "aws_vpc.main"
                    ],
                    "primary": {
                        "id": "subnet-026d7fe66cfdbe233",
                        "attributes": {
                            "arn": "arn:aws:ec2:us-east-2:973714476881:subnet/subnet-026d7fe66cfdbe233",
                            "assign_ipv6_address_on_creation": "false",
                            "availability_zone": "us-east-2b",
                            "availability_zone_id": "use2-az2",
                            "cidr_block": "10.0.3.0/24",
                            "id": "subnet-026d7fe66cfdbe233",
                            "ipv6_cidr_block": "",
                            "ipv6_cidr_block_association_id": "",
                            "map_public_ip_on_launch": "false",
                            "owner_id": "973714476881",
                            "tags.%": "1",
                            "tags.Name": "Student-Proj-Private-Subnet-B",
                            "vpc_id": "vpc-04a79764ca520a7d5"
                        },
                        "meta": {
                            "e2bfb730-ecaa-11e6-8f88-34363bc7c4c0": {
                                "create": 600000000000,
                                "delete": 600000000000
                            },
                            "schema_version": "1"
                        },
                        "tainted": false
                    },
                    "deposed": [],
                    "provider": "provider.aws"
                },
                "aws_subnet.pub-subnet1": {
                    "type": "aws_subnet",
                    "depends_on": [
                        "aws_vpc.main"
                    ],
                    "primary": {
                        "id": "subnet-0b699aafc4e16e355",
                        "attributes": {
                            "arn": "arn:aws:ec2:us-east-2:973714476881:subnet/subnet-0b699aafc4e16e355",
                            "assign_ipv6_address_on_creation": "false",
                            "availability_zone": "us-east-2a",
                            "availability_zone_id": "use2-az1",
                            "cidr_block": "10.0.0.0/24",
                            "id": "subnet-0b699aafc4e16e355",
                            "ipv6_cidr_block": "",
                            "ipv6_cidr_block_association_id": "",
                            "map_public_ip_on_launch": "false",
                            "owner_id": "973714476881",
                            "tags.%": "1",
                            "tags.Name": "Student-Proj-Public-Subnet-A",
                            "vpc_id": "vpc-04a79764ca520a7d5"
                        },
                        "meta": {
                            "e2bfb730-ecaa-11e6-8f88-34363bc7c4c0": {
                                "create": 600000000000,
                                "delete": 600000000000
                            },
                            "schema_version": "1"
                        },
                        "tainted": false
                    },
                    "deposed": [],
                    "provider": "provider.aws"
                },
                "aws_subnet.pub-subnet2": {
                    "type": "aws_subnet",
                    "depends_on": [
                        "aws_vpc.main"
                    ],
                    "primary": {
                        "id": "subnet-00c22782bdafa291d",
                        "attributes": {
                            "arn": "arn:aws:ec2:us-east-2:973714476881:subnet/subnet-00c22782bdafa291d",
                            "assign_ipv6_address_on_creation": "false",
                            "availability_zone": "us-east-2b",
                            "availability_zone_id": "use2-az2",
                            "cidr_block": "10.0.1.0/24",
                            "id": "subnet-00c22782bdafa291d",
                            "ipv6_cidr_block": "",
                            "ipv6_cidr_block_association_id": "",
                            "map_public_ip_on_launch": "false",
                            "owner_id": "973714476881",
                            "tags.%": "1",
                            "tags.Name": "Student-Proj-Public-Subnet-B",
                            "vpc_id": "vpc-04a79764ca520a7d5"
                        },
                        "meta": {
                            "e2bfb730-ecaa-11e6-8f88-34363bc7c4c0": {
                                "create": 600000000000,
                                "delete": 600000000000
                            },
                            "schema_version": "1"
                        },
                        "tainted": false
                    },
                    "deposed": [],
                    "provider": "provider.aws"
                },
                "aws_vpc.main": {
                    "type": "aws_vpc",
                    "depends_on": [],
                    "primary": {
                        "id": "vpc-04a79764ca520a7d5",
                        "attributes": {
                            "arn": "arn:aws:ec2:us-east-2:973714476881:vpc/vpc-04a79764ca520a7d5",
                            "assign_generated_ipv6_cidr_block": "false",
                            "cidr_block": "10.0.0.0/22",
                            "default_network_acl_id": "acl-06428733a1c570183",
                            "default_route_table_id": "rtb-0a654153afef10343",
                            "default_security_group_id": "sg-04f3460e8571cf61f",
                            "dhcp_options_id": "dopt-8b9d94e2",
                            "enable_dns_hostnames": "false",
                            "enable_dns_support": "true",
                            "id": "vpc-04a79764ca520a7d5",
                            "instance_tenancy": "default",
                            "ipv6_association_id": "",
                            "ipv6_cidr_block": "",
                            "main_route_table_id": "rtb-0a654153afef10343",
                            "owner_id": "973714476881",
                            "tags.%": "1",
                            "tags.Name": "Student-Proj-VPC"
                        },
                        "meta": {
                            "schema_version": "1"
                        },
                        "tainted": false
                    },
                    "deposed": [],
                    "provider": "provider.aws"
                }
            },
            "depends_on": []
        }
    ]
}
