{
    "version": 3,
    "terraform_version": "0.11.10",
    "serial": 5,
    "lineage": "138fd226-9492-029c-85ae-5eda9d60dbc4",
    "modules": [
        {
            "path": [
                "root"
            ],
            "outputs": {},
            "resources": {
                "aws_vpc.main1": {
                    "type": "aws_vpc",
                    "depends_on": [
                        "local.proj"
                    ],
                    "primary": {
                        "id": "vpc-095dbffa010339379",
                        "attributes": {
                            "arn": "arn:aws:ec2:us-east-2:973714476881:vpc/vpc-095dbffa010339379",
                            "assign_generated_ipv6_cidr_block": "false",
                            "cidr_block": "10.0.1.0/24",
                            "default_network_acl_id": "acl-0bf6022835fc560f0",
                            "default_route_table_id": "rtb-0a94f658ba94b84fb",
                            "default_security_group_id": "sg-08993671b32226c8c",
                            "dhcp_options_id": "dopt-8b9d94e2",
                            "enable_dns_hostnames": "false",
                            "enable_dns_support": "true",
                            "id": "vpc-095dbffa010339379",
                            "instance_tenancy": "default",
                            "ipv6_association_id": "",
                            "ipv6_cidr_block": "",
                            "main_route_table_id": "rtb-0a94f658ba94b84fb",
                            "owner_id": "973714476881",
                            "tags.%": "2",
                            "tags.Name": "sample1-vpc1",
                            "tags.Name1": "student-vpc1"
                        },
                        "meta": {
                            "schema_version": "1"
                        },
                        "tainted": false
                    },
                    "deposed": [],
                    "provider": "provider.aws"
                },
                "aws_vpc.main2": {
                    "type": "aws_vpc",
                    "depends_on": [
                        "local.proj"
                    ],
                    "primary": {
                        "id": "vpc-0937447353a45efa1",
                        "attributes": {
                            "arn": "arn:aws:ec2:us-east-2:973714476881:vpc/vpc-0937447353a45efa1",
                            "assign_generated_ipv6_cidr_block": "false",
                            "cidr_block": "10.0.2.0/24",
                            "default_network_acl_id": "acl-0774acb25ddbcb22e",
                            "default_route_table_id": "rtb-003b253324fdbe8fd",
                            "default_security_group_id": "sg-01925766968dcc78f",
                            "dhcp_options_id": "dopt-8b9d94e2",
                            "enable_dns_hostnames": "false",
                            "enable_dns_support": "true",
                            "id": "vpc-0937447353a45efa1",
                            "instance_tenancy": "default",
                            "ipv6_association_id": "",
                            "ipv6_cidr_block": "",
                            "main_route_table_id": "rtb-003b253324fdbe8fd",
                            "owner_id": "973714476881",
                            "tags.%": "1",
                            "tags.Name": "student-vpc2"
                        },
                        "meta": {
                            "schema_version": "1"
                        },
                        "tainted": false
                    },
                    "deposed": [],
                    "provider": "provider.aws"
                }
            },
            "depends_on": []
        }
    ]
}
