{
    "version": 3,
    "terraform_version": "0.11.10",
    "serial": 20,
    "lineage": "bcc2c9c3-c966-5e41-ea7f-dad35b156331",
    "modules": [
        {
            "path": [
                "root"
            ],
            "outputs": {},
            "resources": {
                "aws_internet_gateway.gw": {
                    "type": "aws_internet_gateway",
                    "depends_on": [
                        "aws_vpc.main"
                    ],
                    "primary": {
                        "id": "igw-09b463a218b261c6d",
                        "attributes": {
                            "id": "igw-09b463a218b261c6d",
                            "owner_id": "973714476881",
                            "tags.%": "1",
                            "tags.Name": "Student-Proj-IGW",
                            "vpc_id": "vpc-0d302803327a8aafd"
                        },
                        "meta": {},
                        "tainted": false
                    },
                    "deposed": [],
                    "provider": "provider.aws"
                },
                "aws_route_table.rtable-priv": {
                    "type": "aws_route_table",
                    "depends_on": [
                        "aws_vpc.main"
                    ],
                    "primary": {
                        "id": "rtb-0731a407ba8820a7a",
                        "attributes": {
                            "id": "rtb-0731a407ba8820a7a",
                            "owner_id": "973714476881",
                            "propagating_vgws.#": "0",
                            "route.#": "0",
                            "tags.%": "1",
                            "tags.Name": "Student-Proj-Private-RT",
                            "vpc_id": "vpc-0d302803327a8aafd"
                        },
                        "meta": {},
                        "tainted": false
                    },
                    "deposed": [],
                    "provider": "provider.aws"
                },
                "aws_route_table.rtable-pub": {
                    "type": "aws_route_table",
                    "depends_on": [
                        "aws_internet_gateway.gw",
                        "aws_vpc.main"
                    ],
                    "primary": {
                        "id": "rtb-0692fedfb94dc7ef6",
                        "attributes": {
                            "id": "rtb-0692fedfb94dc7ef6",
                            "owner_id": "973714476881",
                            "propagating_vgws.#": "0",
                            "route.#": "1",
                            "route.1837004420.cidr_block": "0.0.0.0/0",
                            "route.1837004420.egress_only_gateway_id": "",
                            "route.1837004420.gateway_id": "igw-09b463a218b261c6d",
                            "route.1837004420.instance_id": "",
                            "route.1837004420.ipv6_cidr_block": "",
                            "route.1837004420.nat_gateway_id": "",
                            "route.1837004420.network_interface_id": "",
                            "route.1837004420.transit_gateway_id": "",
                            "route.1837004420.vpc_peering_connection_id": "",
                            "tags.%": "1",
                            "tags.Name": "Student-Proj-Public-RT",
                            "vpc_id": "vpc-0d302803327a8aafd"
                        },
                        "meta": {},
                        "tainted": false
                    },
                    "deposed": [],
                    "provider": "provider.aws"
                },
                "aws_route_table_association.priv-rt-assoc": {
                    "type": "aws_route_table_association",
                    "depends_on": [
                        "aws_route_table.rtable-priv",
                        "aws_subnet.priv-subnet.*"
                    ],
                    "primary": {
                        "id": "rtbassoc-0d51ced44005ca406",
                        "attributes": {
                            "id": "rtbassoc-0d51ced44005ca406",
                            "route_table_id": "rtb-0731a407ba8820a7a",
                            "subnet_id": "subnet-01caf2801712fe6a6"
                        },
                        "meta": {},
                        "tainted": false
                    },
                    "deposed": [],
                    "provider": "provider.aws"
                },
                "aws_route_table_association.pub-rt-assoc.0": {
                    "type": "aws_route_table_association",
                    "depends_on": [
                        "aws_route_table.rtable-pub",
                        "aws_subnet.pub-subnet.*"
                    ],
                    "primary": {
                        "id": "rtbassoc-056c19fbe4dab3631",
                        "attributes": {
                            "id": "rtbassoc-056c19fbe4dab3631",
                            "route_table_id": "rtb-0692fedfb94dc7ef6",
                            "subnet_id": "subnet-05a11e6d41b95c631"
                        },
                        "meta": {},
                        "tainted": false
                    },
                    "deposed": [],
                    "provider": "provider.aws"
                },
                "aws_route_table_association.pub-rt-assoc.1": {
                    "type": "aws_route_table_association",
                    "depends_on": [
                        "aws_route_table.rtable-pub",
                        "aws_subnet.pub-subnet.*"
                    ],
                    "primary": {
                        "id": "rtbassoc-0faace4fec655df26",
                        "attributes": {
                            "id": "rtbassoc-0faace4fec655df26",
                            "route_table_id": "rtb-0692fedfb94dc7ef6",
                            "subnet_id": "subnet-0b70bd315a9e56794"
                        },
                        "meta": {},
                        "tainted": false
                    },
                    "deposed": [],
                    "provider": "provider.aws"
                },
                "aws_subnet.priv-subnet.0": {
                    "type": "aws_subnet",
                    "depends_on": [
                        "aws_vpc.main",
                        "data.aws_availability_zones.available"
                    ],
                    "primary": {
                        "id": "subnet-01caf2801712fe6a6",
                        "attributes": {
                            "arn": "arn:aws:ec2:us-east-2:973714476881:subnet/subnet-01caf2801712fe6a6",
                            "assign_ipv6_address_on_creation": "false",
                            "availability_zone": "us-east-2a",
                            "availability_zone_id": "use2-az1",
                            "cidr_block": "10.0.2.0/24",
                            "id": "subnet-01caf2801712fe6a6",
                            "ipv6_cidr_block": "",
                            "ipv6_cidr_block_association_id": "",
                            "map_public_ip_on_launch": "false",
                            "owner_id": "973714476881",
                            "tags.%": "1",
                            "tags.Name": "Student-Proj-Private-Subnet-A",
                            "vpc_id": "vpc-0d302803327a8aafd"
                        },
                        "meta": {
                            "e2bfb730-ecaa-11e6-8f88-34363bc7c4c0": {
                                "create": 600000000000,
                                "delete": 600000000000
                            },
                            "schema_version": "1"
                        },
                        "tainted": false
                    },
                    "deposed": [],
                    "provider": "provider.aws"
                },
                "aws_subnet.priv-subnet.1": {
                    "type": "aws_subnet",
                    "depends_on": [
                        "aws_vpc.main",
                        "data.aws_availability_zones.available"
                    ],
                    "primary": {
                        "id": "subnet-0aba2571b8322e9d7",
                        "attributes": {
                            "arn": "arn:aws:ec2:us-east-2:973714476881:subnet/subnet-0aba2571b8322e9d7",
                            "assign_ipv6_address_on_creation": "false",
                            "availability_zone": "us-east-2b",
                            "availability_zone_id": "use2-az2",
                            "cidr_block": "10.0.3.0/24",
                            "id": "subnet-0aba2571b8322e9d7",
                            "ipv6_cidr_block": "",
                            "ipv6_cidr_block_association_id": "",
                            "map_public_ip_on_launch": "false",
                            "owner_id": "973714476881",
                            "tags.%": "1",
                            "tags.Name": "Student-Proj-Private-Subnet-B",
                            "vpc_id": "vpc-0d302803327a8aafd"
                        },
                        "meta": {
                            "e2bfb730-ecaa-11e6-8f88-34363bc7c4c0": {
                                "create": 600000000000,
                                "delete": 600000000000
                            },
                            "schema_version": "1"
                        },
                        "tainted": false
                    },
                    "deposed": [],
                    "provider": "provider.aws"
                },
                "aws_subnet.pub-subnet.0": {
                    "type": "aws_subnet",
                    "depends_on": [
                        "aws_vpc.main",
                        "data.aws_availability_zones.available"
                    ],
                    "primary": {
                        "id": "subnet-05a11e6d41b95c631",
                        "attributes": {
                            "arn": "arn:aws:ec2:us-east-2:973714476881:subnet/subnet-05a11e6d41b95c631",
                            "assign_ipv6_address_on_creation": "false",
                            "availability_zone": "us-east-2a",
                            "availability_zone_id": "use2-az1",
                            "cidr_block": "10.0.0.0/24",
                            "id": "subnet-05a11e6d41b95c631",
                            "ipv6_cidr_block": "",
                            "ipv6_cidr_block_association_id": "",
                            "map_public_ip_on_launch": "false",
                            "owner_id": "973714476881",
                            "tags.%": "1",
                            "tags.Name": "Student-Proj-Public-Subnet-A",
                            "vpc_id": "vpc-0d302803327a8aafd"
                        },
                        "meta": {
                            "e2bfb730-ecaa-11e6-8f88-34363bc7c4c0": {
                                "create": 600000000000,
                                "delete": 600000000000
                            },
                            "schema_version": "1"
                        },
                        "tainted": false
                    },
                    "deposed": [],
                    "provider": "provider.aws"
                },
                "aws_subnet.pub-subnet.1": {
                    "type": "aws_subnet",
                    "depends_on": [
                        "aws_vpc.main",
                        "data.aws_availability_zones.available"
                    ],
                    "primary": {
                        "id": "subnet-0b70bd315a9e56794",
                        "attributes": {
                            "arn": "arn:aws:ec2:us-east-2:973714476881:subnet/subnet-0b70bd315a9e56794",
                            "assign_ipv6_address_on_creation": "false",
                            "availability_zone": "us-east-2b",
                            "availability_zone_id": "use2-az2",
                            "cidr_block": "10.0.1.0/24",
                            "id": "subnet-0b70bd315a9e56794",
                            "ipv6_cidr_block": "",
                            "ipv6_cidr_block_association_id": "",
                            "map_public_ip_on_launch": "false",
                            "owner_id": "973714476881",
                            "tags.%": "1",
                            "tags.Name": "Student-Proj-Public-Subnet-B",
                            "vpc_id": "vpc-0d302803327a8aafd"
                        },
                        "meta": {
                            "e2bfb730-ecaa-11e6-8f88-34363bc7c4c0": {
                                "create": 600000000000,
                                "delete": 600000000000
                            },
                            "schema_version": "1"
                        },
                        "tainted": false
                    },
                    "deposed": [],
                    "provider": "provider.aws"
                },
                "aws_vpc.main": {
                    "type": "aws_vpc",
                    "depends_on": [],
                    "primary": {
                        "id": "vpc-0d302803327a8aafd",
                        "attributes": {
                            "arn": "arn:aws:ec2:us-east-2:973714476881:vpc/vpc-0d302803327a8aafd",
                            "assign_generated_ipv6_cidr_block": "false",
                            "cidr_block": "10.0.0.0/22",
                            "default_network_acl_id": "acl-09caba1968c5cd8d7",
                            "default_route_table_id": "rtb-093e9c2acbd9f12b4",
                            "default_security_group_id": "sg-07c34c3697eb6e2ce",
                            "dhcp_options_id": "dopt-8b9d94e2",
                            "enable_dns_hostnames": "false",
                            "enable_dns_support": "true",
                            "id": "vpc-0d302803327a8aafd",
                            "instance_tenancy": "default",
                            "ipv6_association_id": "",
                            "ipv6_cidr_block": "",
                            "main_route_table_id": "rtb-093e9c2acbd9f12b4",
                            "owner_id": "973714476881",
                            "tags.%": "1",
                            "tags.Name": "Student-Proj-VPC"
                        },
                        "meta": {
                            "schema_version": "1"
                        },
                        "tainted": false
                    },
                    "deposed": [],
                    "provider": "provider.aws"
                },
                "data.aws_availability_zones.available": {
                    "type": "aws_availability_zones",
                    "depends_on": [],
                    "primary": {
                        "id": "2018-12-13 02:02:13.660500025 +0000 UTC",
                        "attributes": {
                            "id": "2018-12-13 02:02:13.660500025 +0000 UTC",
                            "names.#": "3",
                            "names.0": "us-east-2a",
                            "names.1": "us-east-2b",
                            "names.2": "us-east-2c",
                            "zone_ids.#": "3",
                            "zone_ids.0": "use2-az1",
                            "zone_ids.1": "use2-az2",
                            "zone_ids.2": "use2-az3"
                        },
                        "meta": {},
                        "tainted": false
                    },
                    "deposed": [],
                    "provider": "provider.aws"
                }
            },
            "depends_on": []
        }
    ]
}
