{
    "version": 3,
    "terraform_version": "0.11.11",
    "serial": 9,
    "lineage": "413f3226-17ca-3f78-7db5-a19d856b18c8",
    "modules": [
        {
            "path": [
                "root"
            ],
            "outputs": {
                "config_map_aws_auth": {
                    "sensitive": false,
                    "type": "string",
                    "value": "\n\napiVersion: v1\nkind: ConfigMap\nmetadata:\n  name: aws-auth\n  namespace: kube-system\ndata:\n  mapRoles: |\n    - rolearn: arn:aws:iam::973714476881:role/terraform-eks-demo-node\n      username: system:node:{{EC2PrivateDNSName}}\n      groups:\n        - system:bootstrappers\n        - system:nodes\n"
                }
            },
            "resources": {
                "aws_eks_cluster.demo": {
                    "type": "aws_eks_cluster",
                    "depends_on": [
                        "aws_iam_role.demo-cluster",
                        "aws_iam_role_policy_attachment.demo-cluster-AmazonEKSClusterPolicy",
                        "aws_iam_role_policy_attachment.demo-cluster-AmazonEKSServicePolicy",
                        "aws_security_group.demo-cluster",
                        "aws_subnet.demo.*"
                    ],
                    "primary": {
                        "id": "ekscluster",
                        "attributes": {
                            "arn": "arn:aws:eks:us-east-2:973714476881:cluster/ekscluster",
                            "certificate_authority.#": "1",
                            "certificate_authority.0.data": "LS0tLS1CRUdJTiBDRVJUSUZJQ0FURS0tLS0tCk1JSUN5RENDQWJDZ0F3SUJBZ0lCQURBTkJna3Foa2lHOXcwQkFRc0ZBREFWTVJNd0VRWURWUVFERXdwcmRXSmwKY201bGRHVnpNQjRYRFRFNU1ERXhPREF4TlRneU4xb1hEVEk1TURFeE5UQXhOVGd5TjFvd0ZURVRNQkVHQTFVRQpBeE1LYTNWaVpYSnVaWFJsY3pDQ0FTSXdEUVlKS29aSWh2Y05BUUVCQlFBRGdnRVBBRENDQVFvQ2dnRUJBTGEvCmJsMFpBWVM4UjIxQndnaFVIc1RWOWdncEsrSVNPUE1odVZLNWc4dDBNZTgxMWhrdFJkdnV2QlV5Q1JmZ00zVU4KWGJUYWV6TnJ5Zzd5TmFsSXpWZmFYMjAwNnZEOWRuUTNvc1JpTHYvTUh5eEdDNlZZTCsrRUhyWG5kaGY3cmxVZAowVmNhejIvRmN5MUlPcDNVUlR1VWxiV3liYVNyaVN6cHZlSDVWUHZTaERVS1FMSWpZWTB2ZU9OeDVnYU9tS3R3CkN4Y3lwTW1qQ1UyWHhnRGhIaTZQaUl2UCswSHVXM3NtR3B2UFp3LzFMSlVvZFVyOUh6WG1Qald5TWh3MnpQR28KenRDYjk5OWNmNVA0WldXU2U4U3JwaXBhYmxWZjVhRXlxL0pUQXZaN1FlWDJVL0FxU3hUQUcyTm5sTlJ6QTRDbgo5YlZ6dGF3TTdmckdDYkpheHJrQ0F3RUFBYU1qTUNFd0RnWURWUjBQQVFIL0JBUURBZ0trTUE4R0ExVWRFd0VCCi93UUZNQU1CQWY4d0RRWUpLb1pJaHZjTkFRRUxCUUFEZ2dFQkFGdnFwQzZYbXdWNm1sM291NkpkbnJ6Tjl6a3QKTjR3a0JQRVBVVlpMWEhKWHJXTS9WcFk1UXVWRi9sSHVLVTBwK0lIc3VjSVUwS0JBY2llMUFxN2dMS2ZEaTBMUgo2aVczaGgrZjNUM0NhazYxMUI0L2VhOTdNb0h3WUNUaUw3SkZBSHVOT3h1SjkrUE10eW1ZQmNsVXNlNHBmWFdzClZOYkVnQ1Z0Z0NVUVJaWkxIdENBaEh5S1RZVEdaOUlrRkpHcUJFY0h0dlFrV3N3VEJ4RWVTWGRLMG5KdkplTkYKRkwzRHI5Y3dicVdGM1NuVWFTcU9SV2lSR3AwYnZadmlXOGI5WlhrVUVCQ1NCY1V5RFBIeFozOWRnWGp2WGYrZApFanh4NXpNTWdqNWt3ZGJNOXFJMGx1b1hJM0JQT3REcThKbVNXQzFHMER3TmZPVm1hQzhVbFpkZmpRVT0KLS0tLS1FTkQgQ0VSVElGSUNBVEUtLS0tLQo=",
                            "created_at": "2019-01-18 01:51:49 +0000 UTC",
                            "endpoint": "https://BB49D6BEDFB56EBEBB7E9EACD99C0747.sk1.us-east-2.eks.amazonaws.com",
                            "id": "ekscluster",
                            "name": "ekscluster",
                            "platform_version": "eks.1",
                            "role_arn": "arn:aws:iam::973714476881:role/terraform-eks-demo-cluster",
                            "version": "1.11",
                            "vpc_config.#": "1",
                            "vpc_config.0.security_group_ids.#": "1",
                            "vpc_config.0.security_group_ids.3417366979": "sg-0f45f797c5fa1f37f",
                            "vpc_config.0.subnet_ids.#": "2",
                            "vpc_config.0.subnet_ids.2377084884": "subnet-075a70113649a5984",
                            "vpc_config.0.subnet_ids.3961619351": "subnet-057224c7cb15b8c75",
                            "vpc_config.0.vpc_id": "vpc-0418e8435edc40dc3"
                        },
                        "meta": {
                            "e2bfb730-ecaa-11e6-8f88-34363bc7c4c0": {
                                "create": 900000000000,
                                "delete": 900000000000,
                                "update": 3600000000000
                            }
                        },
                        "tainted": false
                    },
                    "deposed": [],
                    "provider": "provider.aws"
                },
                "aws_iam_instance_profile.demo-node": {
                    "type": "aws_iam_instance_profile",
                    "depends_on": [
                        "aws_iam_role.demo-node"
                    ],
                    "primary": {
                        "id": "terraform-eks-demo",
                        "attributes": {
                            "arn": "arn:aws:iam::973714476881:instance-profile/terraform-eks-demo",
                            "create_date": "2019-01-18T01:51:37Z",
                            "id": "terraform-eks-demo",
                            "name": "terraform-eks-demo",
                            "path": "/",
                            "role": "terraform-eks-demo-node",
                            "roles.#": "1",
                            "roles.1215859311": "terraform-eks-demo-node",
                            "unique_id": "AIPAJDQG22OQGPICL4C5E"
                        },
                        "meta": {},
                        "tainted": false
                    },
                    "deposed": [],
                    "provider": "provider.aws"
                },
                "aws_iam_role.demo-cluster": {
                    "type": "aws_iam_role",
                    "depends_on": [],
                    "primary": {
                        "id": "terraform-eks-demo-cluster",
                        "attributes": {
                            "arn": "arn:aws:iam::973714476881:role/terraform-eks-demo-cluster",
                            "assume_role_policy": "{\"Version\":\"2012-10-17\",\"Statement\":[{\"Effect\":\"Allow\",\"Principal\":{\"Service\":\"eks.amazonaws.com\"},\"Action\":\"sts:AssumeRole\"}]}",
                            "create_date": "2019-01-18T01:51:37Z",
                            "description": "",
                            "force_detach_policies": "false",
                            "id": "terraform-eks-demo-cluster",
                            "max_session_duration": "3600",
                            "name": "terraform-eks-demo-cluster",
                            "path": "/",
                            "tags.%": "0",
                            "unique_id": "AROAIGPRG6HWTN5QSHQXO"
                        },
                        "meta": {},
                        "tainted": false
                    },
                    "deposed": [],
                    "provider": "provider.aws"
                },
                "aws_iam_role.demo-node": {
                    "type": "aws_iam_role",
                    "depends_on": [],
                    "primary": {
                        "id": "terraform-eks-demo-node",
                        "attributes": {
                            "arn": "arn:aws:iam::973714476881:role/terraform-eks-demo-node",
                            "assume_role_policy": "{\"Version\":\"2012-10-17\",\"Statement\":[{\"Effect\":\"Allow\",\"Principal\":{\"Service\":\"ec2.amazonaws.com\"},\"Action\":\"sts:AssumeRole\"}]}",
                            "create_date": "2019-01-18T01:51:37Z",
                            "description": "",
                            "force_detach_policies": "false",
                            "id": "terraform-eks-demo-node",
                            "max_session_duration": "3600",
                            "name": "terraform-eks-demo-node",
                            "path": "/",
                            "tags.%": "0",
                            "unique_id": "AROAI5LLTMEFMSJOJGPZ2"
                        },
                        "meta": {},
                        "tainted": false
                    },
                    "deposed": [],
                    "provider": "provider.aws"
                },
                "aws_iam_role_policy_attachment.demo-cluster-AmazonEKSClusterPolicy": {
                    "type": "aws_iam_role_policy_attachment",
                    "depends_on": [
                        "aws_iam_role.demo-cluster"
                    ],
                    "primary": {
                        "id": "terraform-eks-demo-cluster-20190118015137953000000005",
                        "attributes": {
                            "id": "terraform-eks-demo-cluster-20190118015137953000000005",
                            "policy_arn": "arn:aws:iam::aws:policy/AmazonEKSClusterPolicy",
                            "role": "terraform-eks-demo-cluster"
                        },
                        "meta": {},
                        "tainted": false
                    },
                    "deposed": [],
                    "provider": "provider.aws"
                },
                "aws_iam_role_policy_attachment.demo-cluster-AmazonEKSServicePolicy": {
                    "type": "aws_iam_role_policy_attachment",
                    "depends_on": [
                        "aws_iam_role.demo-cluster"
                    ],
                    "primary": {
                        "id": "terraform-eks-demo-cluster-20190118015137952500000004",
                        "attributes": {
                            "id": "terraform-eks-demo-cluster-20190118015137952500000004",
                            "policy_arn": "arn:aws:iam::aws:policy/AmazonEKSServicePolicy",
                            "role": "terraform-eks-demo-cluster"
                        },
                        "meta": {},
                        "tainted": false
                    },
                    "deposed": [],
                    "provider": "provider.aws"
                },
                "aws_iam_role_policy_attachment.demo-node-AmazonEC2ContainerRegistryReadOnly": {
                    "type": "aws_iam_role_policy_attachment",
                    "depends_on": [
                        "aws_iam_role.demo-node"
                    ],
                    "primary": {
                        "id": "terraform-eks-demo-node-20190118015137947500000001",
                        "attributes": {
                            "id": "terraform-eks-demo-node-20190118015137947500000001",
                            "policy_arn": "arn:aws:iam::aws:policy/AmazonEC2ContainerRegistryReadOnly",
                            "role": "terraform-eks-demo-node"
                        },
                        "meta": {},
                        "tainted": false
                    },
                    "deposed": [],
                    "provider": "provider.aws"
                },
                "aws_iam_role_policy_attachment.demo-node-AmazonEKSWorkerNodePolicy": {
                    "type": "aws_iam_role_policy_attachment",
                    "depends_on": [
                        "aws_iam_role.demo-node"
                    ],
                    "primary": {
                        "id": "terraform-eks-demo-node-20190118015137951000000002",
                        "attributes": {
                            "id": "terraform-eks-demo-node-20190118015137951000000002",
                            "policy_arn": "arn:aws:iam::aws:policy/AmazonEKSWorkerNodePolicy",
                            "role": "terraform-eks-demo-node"
                        },
                        "meta": {},
                        "tainted": false
                    },
                    "deposed": [],
                    "provider": "provider.aws"
                },
                "aws_iam_role_policy_attachment.demo-node-AmazonEKS_CNI_Policy": {
                    "type": "aws_iam_role_policy_attachment",
                    "depends_on": [
                        "aws_iam_role.demo-node"
                    ],
                    "primary": {
                        "id": "terraform-eks-demo-node-20190118015137951000000003",
                        "attributes": {
                            "id": "terraform-eks-demo-node-20190118015137951000000003",
                            "policy_arn": "arn:aws:iam::aws:policy/AmazonEKS_CNI_Policy",
                            "role": "terraform-eks-demo-node"
                        },
                        "meta": {},
                        "tainted": false
                    },
                    "deposed": [],
                    "provider": "provider.aws"
                },
                "aws_internet_gateway.demo": {
                    "type": "aws_internet_gateway",
                    "depends_on": [
                        "aws_vpc.demo"
                    ],
                    "primary": {
                        "id": "igw-08ef39ebeaf93393b",
                        "attributes": {
                            "id": "igw-08ef39ebeaf93393b",
                            "owner_id": "973714476881",
                            "tags.%": "1",
                            "tags.Name": "terraform-eks-demo",
                            "vpc_id": "vpc-0418e8435edc40dc3"
                        },
                        "meta": {},
                        "tainted": false
                    },
                    "deposed": [],
                    "provider": "provider.aws"
                },
                "aws_launch_configuration.demo": {
                    "type": "aws_launch_configuration",
                    "depends_on": [
                        "aws_iam_instance_profile.demo-node",
                        "aws_security_group.demo-node",
                        "data.aws_ami.eks-worker",
                        "local.demo-node-userdata"
                    ],
                    "primary": {
                        "id": "terraform-eks-demo20190118020038668200000006",
                        "attributes": {
                            "associate_public_ip_address": "true",
                            "ebs_block_device.#": "0",
                            "ebs_optimized": "false",
                            "enable_monitoring": "true",
                            "ephemeral_block_device.#": "0",
                            "iam_instance_profile": "terraform-eks-demo",
                            "id": "terraform-eks-demo20190118020038668200000006",
                            "image_id": "ami-0958a76db2d150238",
                            "instance_type": "m4.large",
                            "key_name": "devops",
                            "name": "terraform-eks-demo20190118020038668200000006",
                            "name_prefix": "terraform-eks-demo",
                            "root_block_device.#": "0",
                            "security_groups.#": "1",
                            "security_groups.1536753348": "sg-0b1c9e515a616e926",
                            "spot_price": "",
                            "user_data_base64": "IyEvYmluL2Jhc2gKc2V0IC1vIHh0cmFjZQovZXRjL2Vrcy9ib290c3RyYXAuc2ggLS1hcGlzZXJ2ZXItZW5kcG9pbnQgJ2h0dHBzOi8vQkI0OUQ2QkVERkI1NkVCRUJCN0U5RUFDRDk5QzA3NDcuc2sxLnVzLWVhc3QtMi5la3MuYW1hem9uYXdzLmNvbScgLS1iNjQtY2x1c3Rlci1jYSAnTFMwdExTMUNSVWRKVGlCRFJWSlVTVVpKUTBGVVJTMHRMUzB0Q2sxSlNVTjVSRU5EUVdKRFowRjNTVUpCWjBsQ1FVUkJUa0puYTNGb2EybEhPWGN3UWtGUmMwWkJSRUZXVFZKTmQwVlJXVVJXVVZGRVJYZHdjbVJYU213S1kyMDFiR1JIVm5wTlFqUllSRlJGTlUxRVJYaFBSRUY0VGxSbmVVNHhiMWhFVkVrMVRVUkZlRTVVUVhoT1ZHZDVUakZ2ZDBaVVJWUk5Ra1ZIUVRGVlJRcEJlRTFMWVROV2FWcFlTblZhV0ZKc1kzcERRMEZUU1hkRVVWbEtTMjlhU1doMlkwNUJVVVZDUWxGQlJHZG5SVkJCUkVORFFWRnZRMmRuUlVKQlRHRXZDbUpzTUZwQldWTTRVakl4UW5kbmFGVkljMVJXT1dkbmNFc3JTVk5QVUUxb2RWWkxOV2M0ZERCTlpUZ3hNV2hyZEZKa2RuVjJRbFY1UTFKbVowMHpWVTRLV0dKVVlXVjZUbko1WnpkNVRtRnNTWHBXWm1GWU1qQXdOblpFT1dSdVVUTnZjMUpwVEhZdlRVaDVlRWRETmxaWlRDc3JSVWh5V0c1a2FHWTNjbXhWWkFvd1ZtTmhlakl2Um1ONU1VbFBjRE5WVWxSMVZXeGlWM2xpWVZOeWFWTjZjSFpsU0RWV1VIWlRhRVJWUzFGTVNXcFpXVEIyWlU5T2VEVm5ZVTl0UzNSM0NrTjRZM2x3VFcxcVExVXlXSGhuUkdoSWFUWlFhVWwyVUNzd1NIVlhNM050UjNCMlVGcDNMekZNU2xWdlpGVnlPVWg2V0cxUWFsZDVUV2gzTW5wUVIyOEtlblJEWWprNU9XTm1OVkEwV2xkWFUyVTRVM0p3YVhCaFlteFdaalZoUlhseEwwcFVRWFphTjFGbFdESlZMMEZ4VTNoVVFVY3lUbTVzVGxKNlFUUkRiZ281WWxaNmRHRjNUVGRtY2tkRFlrcGhlSEpyUTBGM1JVRkJZVTFxVFVORmQwUm5XVVJXVWpCUVFWRklMMEpCVVVSQlowdHJUVUU0UjBFeFZXUkZkMFZDQ2k5M1VVWk5RVTFDUVdZNGQwUlJXVXBMYjFwSmFIWmpUa0ZSUlV4Q1VVRkVaMmRGUWtGR2RuRndRelpZYlhkV05tMXNNMjkxTmtwa2JuSjZUamw2YTNRS1RqUjNhMEpRUlZCVlZscE1XRWhLV0hKWFRTOVdjRmsxVVhWV1JpOXNTSFZMVlRCd0swbEljM1ZqU1ZVd1MwSkJZMmxsTVVGeE4yZE1TMlpFYVRCTVVnbzJhVmN6YUdnclpqTlVNME5oYXpZeE1VSTBMMlZoT1RkTmIwaDNXVU5VYVV3M1NrWkJTSFZPVDNoMVNqa3JVRTEwZVcxWlFtTnNWWE5sTkhCbVdGZHpDbFpPWWtWblExWjBaME5WVVZKYVdreElkRU5CYUVoNVMxUlpWRWRhT1VsclJrcEhjVUpGWTBoMGRsRnJWM04zVkVKNFJXVlRXR1JMTUc1S2RrcGxUa1lLUmt3elJISTVZM2RpY1ZkR00xTnVWV0ZUY1U5U1YybFNSM0F3WW5aYWRtbFhPR0k1V2xoclZVVkNRMU5DWTFWNVJGQkllRm96T1dSbldHcDJXR1lyWkFwRmFuaDROWHBOVFdkcU5XdDNaR0pOT1hGSk1HeDFiMWhKTTBKUVQzUkVjVGhLYlZOWFF6RkhNRVIzVG1aUFZtMWhRemhWYkZwa1ptcFJWVDBLTFMwdExTMUZUa1FnUTBWU1ZFbEdTVU5CVkVVdExTMHRMUW89JyAnZWtzY2x1c3RlcicK",
                            "vpc_classic_link_id": "",
                            "vpc_classic_link_security_groups.#": "0"
                        },
                        "meta": {},
                        "tainted": false
                    },
                    "deposed": [],
                    "provider": "provider.aws"
                },
                "aws_route_table.demo": {
                    "type": "aws_route_table",
                    "depends_on": [
                        "aws_internet_gateway.demo",
                        "aws_vpc.demo"
                    ],
                    "primary": {
                        "id": "rtb-0f4a513aab7360a0c",
                        "attributes": {
                            "id": "rtb-0f4a513aab7360a0c",
                            "owner_id": "973714476881",
                            "propagating_vgws.#": "0",
                            "route.#": "1",
                            "route.668126986.cidr_block": "0.0.0.0/0",
                            "route.668126986.egress_only_gateway_id": "",
                            "route.668126986.gateway_id": "igw-08ef39ebeaf93393b",
                            "route.668126986.instance_id": "",
                            "route.668126986.ipv6_cidr_block": "",
                            "route.668126986.nat_gateway_id": "",
                            "route.668126986.network_interface_id": "",
                            "route.668126986.transit_gateway_id": "",
                            "route.668126986.vpc_peering_connection_id": "",
                            "tags.%": "0",
                            "vpc_id": "vpc-0418e8435edc40dc3"
                        },
                        "meta": {},
                        "tainted": false
                    },
                    "deposed": [],
                    "provider": "provider.aws"
                },
                "aws_route_table_association.demo.0": {
                    "type": "aws_route_table_association",
                    "depends_on": [
                        "aws_route_table.demo",
                        "aws_subnet.demo.*"
                    ],
                    "primary": {
                        "id": "rtbassoc-019d52488d34d8f5d",
                        "attributes": {
                            "id": "rtbassoc-019d52488d34d8f5d",
                            "route_table_id": "rtb-0f4a513aab7360a0c",
                            "subnet_id": "subnet-075a70113649a5984"
                        },
                        "meta": {},
                        "tainted": false
                    },
                    "deposed": [],
                    "provider": "provider.aws"
                },
                "aws_route_table_association.demo.1": {
                    "type": "aws_route_table_association",
                    "depends_on": [
                        "aws_route_table.demo",
                        "aws_subnet.demo.*"
                    ],
                    "primary": {
                        "id": "rtbassoc-04b594e00e214ca10",
                        "attributes": {
                            "id": "rtbassoc-04b594e00e214ca10",
                            "route_table_id": "rtb-0f4a513aab7360a0c",
                            "subnet_id": "subnet-057224c7cb15b8c75"
                        },
                        "meta": {},
                        "tainted": false
                    },
                    "deposed": [],
                    "provider": "provider.aws"
                },
                "aws_security_group.demo-cluster": {
                    "type": "aws_security_group",
                    "depends_on": [
                        "aws_vpc.demo"
                    ],
                    "primary": {
                        "id": "sg-0f45f797c5fa1f37f",
                        "attributes": {
                            "arn": "arn:aws:ec2:us-east-2:973714476881:security-group/sg-0f45f797c5fa1f37f",
                            "description": "Cluster communication with worker nodes",
                            "egress.#": "1",
                            "egress.482069346.cidr_blocks.#": "1",
                            "egress.482069346.cidr_blocks.0": "0.0.0.0/0",
                            "egress.482069346.description": "",
                            "egress.482069346.from_port": "0",
                            "egress.482069346.ipv6_cidr_blocks.#": "0",
                            "egress.482069346.prefix_list_ids.#": "0",
                            "egress.482069346.protocol": "-1",
                            "egress.482069346.security_groups.#": "0",
                            "egress.482069346.self": "false",
                            "egress.482069346.to_port": "0",
                            "id": "sg-0f45f797c5fa1f37f",
                            "ingress.#": "2",
                            "ingress.1691948804.cidr_blocks.#": "0",
                            "ingress.1691948804.description": "Allow pods to communicate with the cluster API Server",
                            "ingress.1691948804.from_port": "443",
                            "ingress.1691948804.ipv6_cidr_blocks.#": "0",
                            "ingress.1691948804.prefix_list_ids.#": "0",
                            "ingress.1691948804.protocol": "tcp",
                            "ingress.1691948804.security_groups.#": "1",
                            "ingress.1691948804.security_groups.1536753348": "sg-0b1c9e515a616e926",
                            "ingress.1691948804.self": "false",
                            "ingress.1691948804.to_port": "443",
                            "ingress.381313393.cidr_blocks.#": "1",
                            "ingress.381313393.cidr_blocks.0": "0.0.0.0/32",
                            "ingress.381313393.description": "Allow workstation to communicate with the cluster API Server",
                            "ingress.381313393.from_port": "443",
                            "ingress.381313393.ipv6_cidr_blocks.#": "0",
                            "ingress.381313393.prefix_list_ids.#": "0",
                            "ingress.381313393.protocol": "tcp",
                            "ingress.381313393.security_groups.#": "0",
                            "ingress.381313393.self": "false",
                            "ingress.381313393.to_port": "443",
                            "name": "terraform-eks-demo-cluster",
                            "owner_id": "973714476881",
                            "revoke_rules_on_delete": "false",
                            "tags.%": "1",
                            "tags.Name": "terraform-eks-demo",
                            "vpc_id": "vpc-0418e8435edc40dc3"
                        },
                        "meta": {
                            "e2bfb730-ecaa-11e6-8f88-34363bc7c4c0": {
                                "create": 600000000000,
                                "delete": 600000000000
                            },
                            "schema_version": "1"
                        },
                        "tainted": false
                    },
                    "deposed": [],
                    "provider": "provider.aws"
                },
                "aws_security_group.demo-node": {
                    "type": "aws_security_group",
                    "depends_on": [
                        "aws_vpc.demo"
                    ],
                    "primary": {
                        "id": "sg-0b1c9e515a616e926",
                        "attributes": {
                            "arn": "arn:aws:ec2:us-east-2:973714476881:security-group/sg-0b1c9e515a616e926",
                            "description": "Security group for all nodes in the cluster",
                            "egress.#": "1",
                            "egress.482069346.cidr_blocks.#": "1",
                            "egress.482069346.cidr_blocks.0": "0.0.0.0/0",
                            "egress.482069346.description": "",
                            "egress.482069346.from_port": "0",
                            "egress.482069346.ipv6_cidr_blocks.#": "0",
                            "egress.482069346.prefix_list_ids.#": "0",
                            "egress.482069346.protocol": "-1",
                            "egress.482069346.security_groups.#": "0",
                            "egress.482069346.self": "false",
                            "egress.482069346.to_port": "0",
                            "id": "sg-0b1c9e515a616e926",
                            "ingress.#": "2",
                            "ingress.2278689831.cidr_blocks.#": "0",
                            "ingress.2278689831.description": "Allow node to communicate with each other",
                            "ingress.2278689831.from_port": "0",
                            "ingress.2278689831.ipv6_cidr_blocks.#": "0",
                            "ingress.2278689831.prefix_list_ids.#": "0",
                            "ingress.2278689831.protocol": "-1",
                            "ingress.2278689831.security_groups.#": "0",
                            "ingress.2278689831.self": "true",
                            "ingress.2278689831.to_port": "0",
                            "ingress.3069763803.cidr_blocks.#": "0",
                            "ingress.3069763803.description": "Allow worker Kubelets and pods to receive communication from the cluster control plane",
                            "ingress.3069763803.from_port": "1025",
                            "ingress.3069763803.ipv6_cidr_blocks.#": "0",
                            "ingress.3069763803.prefix_list_ids.#": "0",
                            "ingress.3069763803.protocol": "tcp",
                            "ingress.3069763803.security_groups.#": "1",
                            "ingress.3069763803.security_groups.3728228269": "sg-0f45f797c5fa1f37f",
                            "ingress.3069763803.self": "false",
                            "ingress.3069763803.to_port": "65535",
                            "name": "terraform-eks-demo-node",
                            "owner_id": "973714476881",
                            "revoke_rules_on_delete": "false",
                            "tags.%": "2",
                            "tags.Name": "terraform-eks-demo-node",
                            "tags.kubernetes.io/cluster/ekscluster": "owned",
                            "vpc_id": "vpc-0418e8435edc40dc3"
                        },
                        "meta": {
                            "e2bfb730-ecaa-11e6-8f88-34363bc7c4c0": {
                                "create": 600000000000,
                                "delete": 600000000000
                            },
                            "schema_version": "1"
                        },
                        "tainted": false
                    },
                    "deposed": [],
                    "provider": "provider.aws"
                },
                "aws_security_group_rule.demo-cluster-ingress-node-https": {
                    "type": "aws_security_group_rule",
                    "depends_on": [
                        "aws_security_group.demo-cluster",
                        "aws_security_group.demo-node"
                    ],
                    "primary": {
                        "id": "sgrule-871319532",
                        "attributes": {
                            "description": "Allow pods to communicate with the cluster API Server",
                            "from_port": "443",
                            "id": "sgrule-871319532",
                            "protocol": "tcp",
                            "security_group_id": "sg-0f45f797c5fa1f37f",
                            "self": "false",
                            "source_security_group_id": "sg-0b1c9e515a616e926",
                            "to_port": "443",
                            "type": "ingress"
                        },
                        "meta": {
                            "schema_version": "2"
                        },
                        "tainted": false
                    },
                    "deposed": [],
                    "provider": "provider.aws"
                },
                "aws_security_group_rule.demo-cluster-ingress-workstation-https": {
                    "type": "aws_security_group_rule",
                    "depends_on": [
                        "aws_security_group.demo-cluster"
                    ],
                    "primary": {
                        "id": "sgrule-108476808",
                        "attributes": {
                            "cidr_blocks.#": "1",
                            "cidr_blocks.0": "0.0.0.0/32",
                            "description": "Allow workstation to communicate with the cluster API Server",
                            "from_port": "443",
                            "id": "sgrule-108476808",
                            "protocol": "tcp",
                            "security_group_id": "sg-0f45f797c5fa1f37f",
                            "self": "false",
                            "to_port": "443",
                            "type": "ingress"
                        },
                        "meta": {
                            "schema_version": "2"
                        },
                        "tainted": false
                    },
                    "deposed": [],
                    "provider": "provider.aws"
                },
                "aws_security_group_rule.demo-node-ingress-cluster": {
                    "type": "aws_security_group_rule",
                    "depends_on": [
                        "aws_security_group.demo-cluster",
                        "aws_security_group.demo-node"
                    ],
                    "primary": {
                        "id": "sgrule-1553935104",
                        "attributes": {
                            "description": "Allow worker Kubelets and pods to receive communication from the cluster control plane",
                            "from_port": "1025",
                            "id": "sgrule-1553935104",
                            "protocol": "tcp",
                            "security_group_id": "sg-0b1c9e515a616e926",
                            "self": "false",
                            "source_security_group_id": "sg-0f45f797c5fa1f37f",
                            "to_port": "65535",
                            "type": "ingress"
                        },
                        "meta": {
                            "schema_version": "2"
                        },
                        "tainted": false
                    },
                    "deposed": [],
                    "provider": "provider.aws"
                },
                "aws_security_group_rule.demo-node-ingress-self": {
                    "type": "aws_security_group_rule",
                    "depends_on": [
                        "aws_security_group.demo-node"
                    ],
                    "primary": {
                        "id": "sgrule-3355356131",
                        "attributes": {
                            "description": "Allow node to communicate with each other",
                            "from_port": "0",
                            "id": "sgrule-3355356131",
                            "protocol": "-1",
                            "security_group_id": "sg-0b1c9e515a616e926",
                            "self": "false",
                            "source_security_group_id": "sg-0b1c9e515a616e926",
                            "to_port": "65535",
                            "type": "ingress"
                        },
                        "meta": {
                            "schema_version": "2"
                        },
                        "tainted": false
                    },
                    "deposed": [],
                    "provider": "provider.aws"
                },
                "aws_subnet.demo.0": {
                    "type": "aws_subnet",
                    "depends_on": [
                        "aws_vpc.demo",
                        "data.aws_availability_zones.available"
                    ],
                    "primary": {
                        "id": "subnet-075a70113649a5984",
                        "attributes": {
                            "arn": "arn:aws:ec2:us-east-2:973714476881:subnet/subnet-075a70113649a5984",
                            "assign_ipv6_address_on_creation": "false",
                            "availability_zone": "us-east-2a",
                            "availability_zone_id": "use2-az1",
                            "cidr_block": "10.0.0.0/24",
                            "id": "subnet-075a70113649a5984",
                            "ipv6_cidr_block": "",
                            "ipv6_cidr_block_association_id": "",
                            "map_public_ip_on_launch": "false",
                            "owner_id": "973714476881",
                            "tags.%": "2",
                            "tags.Name": "terraform-eks-demo-node",
                            "tags.kubernetes.io/cluster/ekscluster": "shared",
                            "vpc_id": "vpc-0418e8435edc40dc3"
                        },
                        "meta": {
                            "e2bfb730-ecaa-11e6-8f88-34363bc7c4c0": {
                                "create": 600000000000,
                                "delete": 600000000000
                            },
                            "schema_version": "1"
                        },
                        "tainted": false
                    },
                    "deposed": [],
                    "provider": "provider.aws"
                },
                "aws_subnet.demo.1": {
                    "type": "aws_subnet",
                    "depends_on": [
                        "aws_vpc.demo",
                        "data.aws_availability_zones.available"
                    ],
                    "primary": {
                        "id": "subnet-057224c7cb15b8c75",
                        "attributes": {
                            "arn": "arn:aws:ec2:us-east-2:973714476881:subnet/subnet-057224c7cb15b8c75",
                            "assign_ipv6_address_on_creation": "false",
                            "availability_zone": "us-east-2b",
                            "availability_zone_id": "use2-az2",
                            "cidr_block": "10.0.1.0/24",
                            "id": "subnet-057224c7cb15b8c75",
                            "ipv6_cidr_block": "",
                            "ipv6_cidr_block_association_id": "",
                            "map_public_ip_on_launch": "false",
                            "owner_id": "973714476881",
                            "tags.%": "2",
                            "tags.Name": "terraform-eks-demo-node",
                            "tags.kubernetes.io/cluster/ekscluster": "shared",
                            "vpc_id": "vpc-0418e8435edc40dc3"
                        },
                        "meta": {
                            "e2bfb730-ecaa-11e6-8f88-34363bc7c4c0": {
                                "create": 600000000000,
                                "delete": 600000000000
                            },
                            "schema_version": "1"
                        },
                        "tainted": false
                    },
                    "deposed": [],
                    "provider": "provider.aws"
                },
                "aws_vpc.demo": {
                    "type": "aws_vpc",
                    "depends_on": [],
                    "primary": {
                        "id": "vpc-0418e8435edc40dc3",
                        "attributes": {
                            "arn": "arn:aws:ec2:us-east-2:973714476881:vpc/vpc-0418e8435edc40dc3",
                            "assign_generated_ipv6_cidr_block": "false",
                            "cidr_block": "10.0.0.0/22",
                            "default_network_acl_id": "acl-048bcf7cbc55a2aff",
                            "default_route_table_id": "rtb-0a4a800ed7af52d61",
                            "default_security_group_id": "sg-0858a2606eec5dd52",
                            "dhcp_options_id": "dopt-8b9d94e2",
                            "enable_dns_hostnames": "false",
                            "enable_dns_support": "true",
                            "id": "vpc-0418e8435edc40dc3",
                            "instance_tenancy": "default",
                            "ipv6_association_id": "",
                            "ipv6_cidr_block": "",
                            "main_route_table_id": "rtb-0a4a800ed7af52d61",
                            "owner_id": "973714476881",
                            "tags.%": "2",
                            "tags.Name": "terraform-eks-demo-node",
                            "tags.kubernetes.io/cluster/ekscluster": "shared"
                        },
                        "meta": {
                            "schema_version": "1"
                        },
                        "tainted": false
                    },
                    "deposed": [],
                    "provider": "provider.aws"
                },
                "data.aws_ami.eks-worker": {
                    "type": "aws_ami",
                    "depends_on": [],
                    "primary": {
                        "id": "ami-0958a76db2d150238",
                        "attributes": {
                            "architecture": "x86_64",
                            "block_device_mappings.#": "1",
                            "block_device_mappings.3798922657.device_name": "/dev/xvda",
                            "block_device_mappings.3798922657.ebs.%": "6",
                            "block_device_mappings.3798922657.ebs.delete_on_termination": "true",
                            "block_device_mappings.3798922657.ebs.encrypted": "false",
                            "block_device_mappings.3798922657.ebs.iops": "0",
                            "block_device_mappings.3798922657.ebs.snapshot_id": "snap-03975341f040f9ca9",
                            "block_device_mappings.3798922657.ebs.volume_size": "20",
                            "block_device_mappings.3798922657.ebs.volume_type": "gp2",
                            "block_device_mappings.3798922657.no_device": "",
                            "block_device_mappings.3798922657.virtual_name": "",
                            "creation_date": "2018-10-31T01:22:31.000Z",
                            "description": "amazon-eks-node-v25",
                            "filter.#": "1",
                            "filter.249857641.name": "name",
                            "filter.249857641.values.#": "1",
                            "filter.249857641.values.0": "amazon-eks-node-v*",
                            "hypervisor": "xen",
                            "id": "ami-0958a76db2d150238",
                            "image_id": "ami-0958a76db2d150238",
                            "image_location": "602401143452/amazon-eks-node-v25",
                            "image_type": "machine",
                            "most_recent": "true",
                            "name": "amazon-eks-node-v25",
                            "owner_id": "602401143452",
                            "owners.#": "1",
                            "owners.0": "602401143452",
                            "product_codes.#": "0",
                            "public": "true",
                            "root_device_name": "/dev/xvda",
                            "root_device_type": "ebs",
                            "root_snapshot_id": "snap-03975341f040f9ca9",
                            "sriov_net_support": "simple",
                            "state": "available",
                            "state_reason.%": "2",
                            "state_reason.code": "UNSET",
                            "state_reason.message": "UNSET",
                            "tags.%": "0",
                            "virtualization_type": "hvm"
                        },
                        "meta": {},
                        "tainted": false
                    },
                    "deposed": [],
                    "provider": "provider.aws"
                },
                "data.aws_availability_zones.available": {
                    "type": "aws_availability_zones",
                    "depends_on": [],
                    "primary": {
                        "id": "2019-01-18 02:03:06.902234842 +0000 UTC",
                        "attributes": {
                            "id": "2019-01-18 02:03:06.902234842 +0000 UTC",
                            "names.#": "3",
                            "names.0": "us-east-2a",
                            "names.1": "us-east-2b",
                            "names.2": "us-east-2c",
                            "zone_ids.#": "3",
                            "zone_ids.0": "use2-az1",
                            "zone_ids.1": "use2-az2",
                            "zone_ids.2": "use2-az3"
                        },
                        "meta": {},
                        "tainted": false
                    },
                    "deposed": [],
                    "provider": "provider.aws"
                },
                "data.aws_region.current": {
                    "type": "aws_region",
                    "depends_on": [],
                    "primary": {
                        "id": "us-east-2",
                        "attributes": {
                            "current": "true",
                            "description": "US East (Ohio)",
                            "endpoint": "ec2.us-east-2.amazonaws.com",
                            "id": "us-east-2",
                            "name": "us-east-2"
                        },
                        "meta": {},
                        "tainted": false
                    },
                    "deposed": [],
                    "provider": "provider.aws"
                }
            },
            "depends_on": []
        }
    ]
}
