{
    "version": 3,
    "terraform_version": "0.11.11",
    "serial": 6,
    "lineage": "413f3226-17ca-3f78-7db5-a19d856b18c8",
    "modules": [
        {
            "path": [
                "root"
            ],
            "outputs": {
                "config_map_aws_auth": {
                    "sensitive": false,
                    "type": "string",
                    "value": "\n\napiVersion: v1\nkind: ConfigMap\nmetadata:\n  name: aws-auth\n  namespace: kube-system\ndata:\n  mapRoles: |\n    - rolearn: arn:aws:iam::973714476881:role/terraform-eks-demo-node\n      username: system:node:{{EC2PrivateDNSName}}\n      groups:\n        - system:bootstrappers\n        - system:nodes\n"
                }
            },
            "resources": {
                "aws_iam_instance_profile.demo-node": {
                    "type": "aws_iam_instance_profile",
                    "depends_on": [
                        "aws_iam_role.demo-node"
                    ],
                    "primary": {
                        "id": "terraform-eks-demo",
                        "attributes": {
                            "arn": "arn:aws:iam::973714476881:instance-profile/terraform-eks-demo",
                            "create_date": "2019-01-17T02:50:48Z",
                            "id": "terraform-eks-demo",
                            "name": "terraform-eks-demo",
                            "path": "/",
                            "role": "terraform-eks-demo-node",
                            "roles.#": "0",
                            "unique_id": "AIPAIYS2X3Y42BIQT7ZQI"
                        },
                        "meta": {},
                        "tainted": false
                    },
                    "deposed": [],
                    "provider": "provider.aws"
                },
                "aws_iam_role.demo-cluster": {
                    "type": "aws_iam_role",
                    "depends_on": [],
                    "primary": {
                        "id": "terraform-eks-demo-cluster",
                        "attributes": {
                            "arn": "arn:aws:iam::973714476881:role/terraform-eks-demo-cluster",
                            "assume_role_policy": "{\"Version\":\"2012-10-17\",\"Statement\":[{\"Effect\":\"Allow\",\"Principal\":{\"Service\":\"eks.amazonaws.com\"},\"Action\":\"sts:AssumeRole\"}]}",
                            "create_date": "2019-01-17T02:50:48Z",
                            "description": "",
                            "force_detach_policies": "false",
                            "id": "terraform-eks-demo-cluster",
                            "max_session_duration": "3600",
                            "name": "terraform-eks-demo-cluster",
                            "path": "/",
                            "tags.%": "0",
                            "unique_id": "AROAJOQ7HE53C75Q2MLHW"
                        },
                        "meta": {},
                        "tainted": false
                    },
                    "deposed": [],
                    "provider": "provider.aws"
                },
                "aws_iam_role.demo-node": {
                    "type": "aws_iam_role",
                    "depends_on": [],
                    "primary": {
                        "id": "terraform-eks-demo-node",
                        "attributes": {
                            "arn": "arn:aws:iam::973714476881:role/terraform-eks-demo-node",
                            "assume_role_policy": "{\"Version\":\"2012-10-17\",\"Statement\":[{\"Effect\":\"Allow\",\"Principal\":{\"Service\":\"ec2.amazonaws.com\"},\"Action\":\"sts:AssumeRole\"}]}",
                            "create_date": "2019-01-17T02:50:48Z",
                            "description": "",
                            "force_detach_policies": "false",
                            "id": "terraform-eks-demo-node",
                            "max_session_duration": "3600",
                            "name": "terraform-eks-demo-node",
                            "path": "/",
                            "tags.%": "0",
                            "unique_id": "AROAIBJ37P7XGZEYEGHL2"
                        },
                        "meta": {},
                        "tainted": false
                    },
                    "deposed": [],
                    "provider": "provider.aws"
                },
                "aws_iam_role_policy_attachment.demo-cluster-AmazonEKSClusterPolicy": {
                    "type": "aws_iam_role_policy_attachment",
                    "depends_on": [
                        "aws_iam_role.demo-cluster"
                    ],
                    "primary": {
                        "id": "terraform-eks-demo-cluster-20190117025048619500000004",
                        "attributes": {
                            "id": "terraform-eks-demo-cluster-20190117025048619500000004",
                            "policy_arn": "arn:aws:iam::aws:policy/AmazonEKSClusterPolicy",
                            "role": "terraform-eks-demo-cluster"
                        },
                        "meta": {},
                        "tainted": false
                    },
                    "deposed": [],
                    "provider": "provider.aws"
                },
                "aws_iam_role_policy_attachment.demo-cluster-AmazonEKSServicePolicy": {
                    "type": "aws_iam_role_policy_attachment",
                    "depends_on": [
                        "aws_iam_role.demo-cluster"
                    ],
                    "primary": {
                        "id": "terraform-eks-demo-cluster-20190117025048599600000001",
                        "attributes": {
                            "id": "terraform-eks-demo-cluster-20190117025048599600000001",
                            "policy_arn": "arn:aws:iam::aws:policy/AmazonEKSServicePolicy",
                            "role": "terraform-eks-demo-cluster"
                        },
                        "meta": {},
                        "tainted": false
                    },
                    "deposed": [],
                    "provider": "provider.aws"
                },
                "aws_iam_role_policy_attachment.demo-node-AmazonEC2ContainerRegistryReadOnly": {
                    "type": "aws_iam_role_policy_attachment",
                    "depends_on": [
                        "aws_iam_role.demo-node"
                    ],
                    "primary": {
                        "id": "terraform-eks-demo-node-20190117025048648800000005",
                        "attributes": {
                            "id": "terraform-eks-demo-node-20190117025048648800000005",
                            "policy_arn": "arn:aws:iam::aws:policy/AmazonEC2ContainerRegistryReadOnly",
                            "role": "terraform-eks-demo-node"
                        },
                        "meta": {},
                        "tainted": false
                    },
                    "deposed": [],
                    "provider": "provider.aws"
                },
                "aws_iam_role_policy_attachment.demo-node-AmazonEKSWorkerNodePolicy": {
                    "type": "aws_iam_role_policy_attachment",
                    "depends_on": [
                        "aws_iam_role.demo-node"
                    ],
                    "primary": {
                        "id": "terraform-eks-demo-node-20190117025048604600000002",
                        "attributes": {
                            "id": "terraform-eks-demo-node-20190117025048604600000002",
                            "policy_arn": "arn:aws:iam::aws:policy/AmazonEKSWorkerNodePolicy",
                            "role": "terraform-eks-demo-node"
                        },
                        "meta": {},
                        "tainted": false
                    },
                    "deposed": [],
                    "provider": "provider.aws"
                },
                "aws_iam_role_policy_attachment.demo-node-AmazonEKS_CNI_Policy": {
                    "type": "aws_iam_role_policy_attachment",
                    "depends_on": [
                        "aws_iam_role.demo-node"
                    ],
                    "primary": {
                        "id": "terraform-eks-demo-node-20190117025048614600000003",
                        "attributes": {
                            "id": "terraform-eks-demo-node-20190117025048614600000003",
                            "policy_arn": "arn:aws:iam::aws:policy/AmazonEKS_CNI_Policy",
                            "role": "terraform-eks-demo-node"
                        },
                        "meta": {},
                        "tainted": false
                    },
                    "deposed": [],
                    "provider": "provider.aws"
                },
                "aws_internet_gateway.demo": {
                    "type": "aws_internet_gateway",
                    "depends_on": [
                        "aws_vpc.demo"
                    ],
                    "primary": {
                        "id": "igw-0d350c61502bd1bc0",
                        "attributes": {
                            "id": "igw-0d350c61502bd1bc0",
                            "owner_id": "973714476881",
                            "tags.%": "1",
                            "tags.Name": "terraform-eks-demo",
                            "vpc_id": "vpc-0db14d692946290da"
                        },
                        "meta": {},
                        "tainted": false
                    },
                    "deposed": [],
                    "provider": "provider.aws"
                },
                "aws_route_table.demo": {
                    "type": "aws_route_table",
                    "depends_on": [
                        "aws_internet_gateway.demo",
                        "aws_vpc.demo"
                    ],
                    "primary": {
                        "id": "rtb-0d296456425d336db",
                        "attributes": {
                            "id": "rtb-0d296456425d336db",
                            "owner_id": "973714476881",
                            "propagating_vgws.#": "0",
                            "route.#": "1",
                            "route.117076586.cidr_block": "0.0.0.0/0",
                            "route.117076586.egress_only_gateway_id": "",
                            "route.117076586.gateway_id": "igw-0d350c61502bd1bc0",
                            "route.117076586.instance_id": "",
                            "route.117076586.ipv6_cidr_block": "",
                            "route.117076586.nat_gateway_id": "",
                            "route.117076586.network_interface_id": "",
                            "route.117076586.transit_gateway_id": "",
                            "route.117076586.vpc_peering_connection_id": "",
                            "tags.%": "0",
                            "vpc_id": "vpc-0db14d692946290da"
                        },
                        "meta": {},
                        "tainted": false
                    },
                    "deposed": [],
                    "provider": "provider.aws"
                },
                "aws_route_table_association.demo.0": {
                    "type": "aws_route_table_association",
                    "depends_on": [
                        "aws_route_table.demo",
                        "aws_subnet.demo.*"
                    ],
                    "primary": {
                        "id": "rtbassoc-0bb9a119ab9f4876e",
                        "attributes": {
                            "id": "rtbassoc-0bb9a119ab9f4876e",
                            "route_table_id": "rtb-0d296456425d336db",
                            "subnet_id": "subnet-0c183fc543b66b834"
                        },
                        "meta": {},
                        "tainted": false
                    },
                    "deposed": [],
                    "provider": "provider.aws"
                },
                "aws_route_table_association.demo.1": {
                    "type": "aws_route_table_association",
                    "depends_on": [
                        "aws_route_table.demo",
                        "aws_subnet.demo.*"
                    ],
                    "primary": {
                        "id": "rtbassoc-08974781133e3c01f",
                        "attributes": {
                            "id": "rtbassoc-08974781133e3c01f",
                            "route_table_id": "rtb-0d296456425d336db",
                            "subnet_id": "subnet-055a9cf9088a985be"
                        },
                        "meta": {},
                        "tainted": false
                    },
                    "deposed": [],
                    "provider": "provider.aws"
                },
                "aws_security_group.demo-cluster": {
                    "type": "aws_security_group",
                    "depends_on": [
                        "aws_vpc.demo"
                    ],
                    "primary": {
                        "id": "sg-003f5465f130b39b8",
                        "attributes": {
                            "arn": "arn:aws:ec2:us-east-2:973714476881:security-group/sg-003f5465f130b39b8",
                            "description": "Cluster communication with worker nodes",
                            "egress.#": "1",
                            "egress.482069346.cidr_blocks.#": "1",
                            "egress.482069346.cidr_blocks.0": "0.0.0.0/0",
                            "egress.482069346.description": "",
                            "egress.482069346.from_port": "0",
                            "egress.482069346.ipv6_cidr_blocks.#": "0",
                            "egress.482069346.prefix_list_ids.#": "0",
                            "egress.482069346.protocol": "-1",
                            "egress.482069346.security_groups.#": "0",
                            "egress.482069346.self": "false",
                            "egress.482069346.to_port": "0",
                            "id": "sg-003f5465f130b39b8",
                            "ingress.#": "0",
                            "name": "terraform-eks-demo-cluster",
                            "owner_id": "973714476881",
                            "revoke_rules_on_delete": "false",
                            "tags.%": "1",
                            "tags.Name": "terraform-eks-demo",
                            "vpc_id": "vpc-0db14d692946290da"
                        },
                        "meta": {
                            "e2bfb730-ecaa-11e6-8f88-34363bc7c4c0": {
                                "create": 600000000000,
                                "delete": 600000000000
                            },
                            "schema_version": "1"
                        },
                        "tainted": false
                    },
                    "deposed": [],
                    "provider": "provider.aws"
                },
                "aws_security_group.demo-node": {
                    "type": "aws_security_group",
                    "depends_on": [
                        "aws_vpc.demo"
                    ],
                    "primary": {
                        "id": "sg-0c410e062a4ce0e3f",
                        "attributes": {
                            "arn": "arn:aws:ec2:us-east-2:973714476881:security-group/sg-0c410e062a4ce0e3f",
                            "description": "Security group for all nodes in the cluster",
                            "egress.#": "1",
                            "egress.482069346.cidr_blocks.#": "1",
                            "egress.482069346.cidr_blocks.0": "0.0.0.0/0",
                            "egress.482069346.description": "",
                            "egress.482069346.from_port": "0",
                            "egress.482069346.ipv6_cidr_blocks.#": "0",
                            "egress.482069346.prefix_list_ids.#": "0",
                            "egress.482069346.protocol": "-1",
                            "egress.482069346.security_groups.#": "0",
                            "egress.482069346.self": "false",
                            "egress.482069346.to_port": "0",
                            "id": "sg-0c410e062a4ce0e3f",
                            "ingress.#": "0",
                            "name": "terraform-eks-demo-node",
                            "owner_id": "973714476881",
                            "revoke_rules_on_delete": "false",
                            "tags.%": "2",
                            "tags.Name": "terraform-eks-demo-node",
                            "tags.kubernetes.io/cluster/ekscluster": "owned",
                            "vpc_id": "vpc-0db14d692946290da"
                        },
                        "meta": {
                            "e2bfb730-ecaa-11e6-8f88-34363bc7c4c0": {
                                "create": 600000000000,
                                "delete": 600000000000
                            },
                            "schema_version": "1"
                        },
                        "tainted": false
                    },
                    "deposed": [],
                    "provider": "provider.aws"
                },
                "aws_security_group_rule.demo-cluster-ingress-node-https": {
                    "type": "aws_security_group_rule",
                    "depends_on": [
                        "aws_security_group.demo-cluster",
                        "aws_security_group.demo-node"
                    ],
                    "primary": {
                        "id": "sgrule-1845864875",
                        "attributes": {
                            "description": "Allow pods to communicate with the cluster API Server",
                            "from_port": "443",
                            "id": "sgrule-1845864875",
                            "protocol": "tcp",
                            "security_group_id": "sg-003f5465f130b39b8",
                            "self": "false",
                            "source_security_group_id": "sg-0c410e062a4ce0e3f",
                            "to_port": "443",
                            "type": "ingress"
                        },
                        "meta": {
                            "schema_version": "2"
                        },
                        "tainted": false
                    },
                    "deposed": [],
                    "provider": "provider.aws"
                },
                "aws_security_group_rule.demo-cluster-ingress-workstation-https": {
                    "type": "aws_security_group_rule",
                    "depends_on": [
                        "aws_security_group.demo-cluster"
                    ],
                    "primary": {
                        "id": "sgrule-2576962968",
                        "attributes": {
                            "cidr_blocks.#": "1",
                            "cidr_blocks.0": "0.0.0.0/32",
                            "description": "Allow workstation to communicate with the cluster API Server",
                            "from_port": "443",
                            "id": "sgrule-2576962968",
                            "protocol": "tcp",
                            "security_group_id": "sg-003f5465f130b39b8",
                            "self": "false",
                            "to_port": "443",
                            "type": "ingress"
                        },
                        "meta": {
                            "schema_version": "2"
                        },
                        "tainted": false
                    },
                    "deposed": [],
                    "provider": "provider.aws"
                },
                "aws_security_group_rule.demo-node-ingress-cluster": {
                    "type": "aws_security_group_rule",
                    "depends_on": [
                        "aws_security_group.demo-cluster",
                        "aws_security_group.demo-node"
                    ],
                    "primary": {
                        "id": "sgrule-480139941",
                        "attributes": {
                            "description": "Allow worker Kubelets and pods to receive communication from the cluster control plane",
                            "from_port": "1025",
                            "id": "sgrule-480139941",
                            "protocol": "tcp",
                            "security_group_id": "sg-0c410e062a4ce0e3f",
                            "self": "false",
                            "source_security_group_id": "sg-003f5465f130b39b8",
                            "to_port": "65535",
                            "type": "ingress"
                        },
                        "meta": {
                            "schema_version": "2"
                        },
                        "tainted": false
                    },
                    "deposed": [],
                    "provider": "provider.aws"
                },
                "aws_security_group_rule.demo-node-ingress-self": {
                    "type": "aws_security_group_rule",
                    "depends_on": [
                        "aws_security_group.demo-node"
                    ],
                    "primary": {
                        "id": "sgrule-2188892321",
                        "attributes": {
                            "description": "Allow node to communicate with each other",
                            "from_port": "0",
                            "id": "sgrule-2188892321",
                            "protocol": "-1",
                            "security_group_id": "sg-0c410e062a4ce0e3f",
                            "self": "false",
                            "source_security_group_id": "sg-0c410e062a4ce0e3f",
                            "to_port": "65535",
                            "type": "ingress"
                        },
                        "meta": {
                            "schema_version": "2"
                        },
                        "tainted": false
                    },
                    "deposed": [],
                    "provider": "provider.aws"
                },
                "aws_subnet.demo.0": {
                    "type": "aws_subnet",
                    "depends_on": [
                        "aws_vpc.demo",
                        "data.aws_availability_zones.available"
                    ],
                    "primary": {
                        "id": "subnet-0c183fc543b66b834",
                        "attributes": {
                            "arn": "arn:aws:ec2:us-east-2:973714476881:subnet/subnet-0c183fc543b66b834",
                            "assign_ipv6_address_on_creation": "false",
                            "availability_zone": "us-east-2a",
                            "availability_zone_id": "use2-az1",
                            "cidr_block": "10.0.0.0/24",
                            "id": "subnet-0c183fc543b66b834",
                            "ipv6_cidr_block": "",
                            "ipv6_cidr_block_association_id": "",
                            "map_public_ip_on_launch": "false",
                            "owner_id": "973714476881",
                            "tags.%": "2",
                            "tags.Name": "terraform-eks-demo-node",
                            "tags.kubernetes.io/cluster/ekscluster": "shared",
                            "vpc_id": "vpc-0db14d692946290da"
                        },
                        "meta": {
                            "e2bfb730-ecaa-11e6-8f88-34363bc7c4c0": {
                                "create": 600000000000,
                                "delete": 600000000000
                            },
                            "schema_version": "1"
                        },
                        "tainted": false
                    },
                    "deposed": [],
                    "provider": "provider.aws"
                },
                "aws_subnet.demo.1": {
                    "type": "aws_subnet",
                    "depends_on": [
                        "aws_vpc.demo",
                        "data.aws_availability_zones.available"
                    ],
                    "primary": {
                        "id": "subnet-055a9cf9088a985be",
                        "attributes": {
                            "arn": "arn:aws:ec2:us-east-2:973714476881:subnet/subnet-055a9cf9088a985be",
                            "assign_ipv6_address_on_creation": "false",
                            "availability_zone": "us-east-2b",
                            "availability_zone_id": "use2-az2",
                            "cidr_block": "10.0.1.0/24",
                            "id": "subnet-055a9cf9088a985be",
                            "ipv6_cidr_block": "",
                            "ipv6_cidr_block_association_id": "",
                            "map_public_ip_on_launch": "false",
                            "owner_id": "973714476881",
                            "tags.%": "2",
                            "tags.Name": "terraform-eks-demo-node",
                            "tags.kubernetes.io/cluster/ekscluster": "shared",
                            "vpc_id": "vpc-0db14d692946290da"
                        },
                        "meta": {
                            "e2bfb730-ecaa-11e6-8f88-34363bc7c4c0": {
                                "create": 600000000000,
                                "delete": 600000000000
                            },
                            "schema_version": "1"
                        },
                        "tainted": false
                    },
                    "deposed": [],
                    "provider": "provider.aws"
                },
                "aws_vpc.demo": {
                    "type": "aws_vpc",
                    "depends_on": [],
                    "primary": {
                        "id": "vpc-0db14d692946290da",
                        "attributes": {
                            "arn": "arn:aws:ec2:us-east-2:973714476881:vpc/vpc-0db14d692946290da",
                            "assign_generated_ipv6_cidr_block": "false",
                            "cidr_block": "10.0.0.0/22",
                            "default_network_acl_id": "acl-09663fa90322b5fbd",
                            "default_route_table_id": "rtb-02049c9bea4075561",
                            "default_security_group_id": "sg-0bba0f3f7668af8b4",
                            "dhcp_options_id": "dopt-8b9d94e2",
                            "enable_dns_hostnames": "false",
                            "enable_dns_support": "true",
                            "id": "vpc-0db14d692946290da",
                            "instance_tenancy": "default",
                            "ipv6_association_id": "",
                            "ipv6_cidr_block": "",
                            "main_route_table_id": "rtb-02049c9bea4075561",
                            "owner_id": "973714476881",
                            "tags.%": "2",
                            "tags.Name": "terraform-eks-demo-node",
                            "tags.kubernetes.io/cluster/ekscluster": "shared"
                        },
                        "meta": {
                            "schema_version": "1"
                        },
                        "tainted": false
                    },
                    "deposed": [],
                    "provider": "provider.aws"
                },
                "data.aws_ami.eks-worker": {
                    "type": "aws_ami",
                    "depends_on": [],
                    "primary": {
                        "id": "ami-0958a76db2d150238",
                        "attributes": {
                            "architecture": "x86_64",
                            "block_device_mappings.#": "1",
                            "block_device_mappings.3798922657.device_name": "/dev/xvda",
                            "block_device_mappings.3798922657.ebs.%": "6",
                            "block_device_mappings.3798922657.ebs.delete_on_termination": "true",
                            "block_device_mappings.3798922657.ebs.encrypted": "false",
                            "block_device_mappings.3798922657.ebs.iops": "0",
                            "block_device_mappings.3798922657.ebs.snapshot_id": "snap-03975341f040f9ca9",
                            "block_device_mappings.3798922657.ebs.volume_size": "20",
                            "block_device_mappings.3798922657.ebs.volume_type": "gp2",
                            "block_device_mappings.3798922657.no_device": "",
                            "block_device_mappings.3798922657.virtual_name": "",
                            "creation_date": "2018-10-31T01:22:31.000Z",
                            "description": "amazon-eks-node-v25",
                            "filter.#": "1",
                            "filter.249857641.name": "name",
                            "filter.249857641.values.#": "1",
                            "filter.249857641.values.0": "amazon-eks-node-v*",
                            "hypervisor": "xen",
                            "id": "ami-0958a76db2d150238",
                            "image_id": "ami-0958a76db2d150238",
                            "image_location": "602401143452/amazon-eks-node-v25",
                            "image_type": "machine",
                            "most_recent": "true",
                            "name": "amazon-eks-node-v25",
                            "owner_id": "602401143452",
                            "owners.#": "1",
                            "owners.0": "602401143452",
                            "product_codes.#": "0",
                            "public": "true",
                            "root_device_name": "/dev/xvda",
                            "root_device_type": "ebs",
                            "root_snapshot_id": "snap-03975341f040f9ca9",
                            "sriov_net_support": "simple",
                            "state": "available",
                            "state_reason.%": "2",
                            "state_reason.code": "UNSET",
                            "state_reason.message": "UNSET",
                            "tags.%": "0",
                            "virtualization_type": "hvm"
                        },
                        "meta": {},
                        "tainted": false
                    },
                    "deposed": [],
                    "provider": "provider.aws"
                },
                "data.aws_availability_zones.available": {
                    "type": "aws_availability_zones",
                    "depends_on": [],
                    "primary": {
                        "id": "2019-01-17 02:50:47.636797224 +0000 UTC",
                        "attributes": {
                            "id": "2019-01-17 02:50:47.636797224 +0000 UTC",
                            "names.#": "3",
                            "names.0": "us-east-2a",
                            "names.1": "us-east-2b",
                            "names.2": "us-east-2c",
                            "zone_ids.#": "3",
                            "zone_ids.0": "use2-az1",
                            "zone_ids.1": "use2-az2",
                            "zone_ids.2": "use2-az3"
                        },
                        "meta": {},
                        "tainted": false
                    },
                    "deposed": [],
                    "provider": "provider.aws"
                },
                "data.aws_region.current": {
                    "type": "aws_region",
                    "depends_on": [],
                    "primary": {
                        "id": "us-east-2",
                        "attributes": {
                            "current": "true",
                            "description": "US East (Ohio)",
                            "endpoint": "ec2.us-east-2.amazonaws.com",
                            "id": "us-east-2",
                            "name": "us-east-2"
                        },
                        "meta": {},
                        "tainted": false
                    },
                    "deposed": [],
                    "provider": "provider.aws"
                }
            },
            "depends_on": []
        }
    ]
}
