{
    "version": 3,
    "terraform_version": "0.11.10",
    "serial": 5,
    "lineage": "d0f692a3-390d-2769-6626-128d01e7306c",
    "modules": [
        {
            "path": [
                "root"
            ],
            "outputs": {
                "VPC-ID": {
                    "sensitive": false,
                    "type": "string",
                    "value": "vpc-0225f1809a0dbde04"
                }
            },
            "resources": {
                "aws_vpc.main": {
                    "type": "aws_vpc",
                    "depends_on": [],
                    "primary": {
                        "id": "vpc-0225f1809a0dbde04",
                        "attributes": {
                            "arn": "arn:aws:ec2:us-east-2:973714476881:vpc/vpc-0225f1809a0dbde04",
                            "assign_generated_ipv6_cidr_block": "false",
                            "cidr_block": "10.0.0.0/16",
                            "default_network_acl_id": "acl-04ecf08c9073cf2fa",
                            "default_route_table_id": "rtb-0d4111605536bd15f",
                            "default_security_group_id": "sg-0ddcfa53dcd8aeb35",
                            "dhcp_options_id": "dopt-8b9d94e2",
                            "enable_dns_hostnames": "false",
                            "enable_dns_support": "true",
                            "id": "vpc-0225f1809a0dbde04",
                            "instance_tenancy": "default",
                            "ipv6_association_id": "",
                            "ipv6_cidr_block": "",
                            "main_route_table_id": "rtb-0d4111605536bd15f",
                            "owner_id": "973714476881",
                            "tags.%": "0"
                        },
                        "meta": {
                            "schema_version": "1"
                        },
                        "tainted": false
                    },
                    "deposed": [],
                    "provider": "provider.aws"
                },
                "local_file.vpc_id": {
                    "type": "local_file",
                    "depends_on": [
                        "aws_vpc.main"
                    ],
                    "primary": {
                        "id": "f72a484972c4237b4b72f0f290ffaf23845a825d",
                        "attributes": {
                            "content": "VPC-ID=vpc-0225f1809a0dbde04\nVPC-ARN=arn:aws:ec2:us-east-2:973714476881:vpc/vpc-0225f1809a0dbde04",
                            "filename": "/tmp/vpc_id.txt",
                            "id": "f72a484972c4237b4b72f0f290ffaf23845a825d"
                        },
                        "meta": {},
                        "tainted": false
                    },
                    "deposed": [],
                    "provider": "provider.local"
                }
            },
            "depends_on": []
        }
    ]
}
