{
    "version": 3,
    "terraform_version": "0.11.10",
    "serial": 2,
    "lineage": "cc0b2d5f-9f04-e6eb-a21f-17f11ec03af3",
    "modules": [
        {
            "path": [
                "root"
            ],
            "outputs": {},
            "resources": {
                "aws_s3_bucket.b": {
                    "type": "aws_s3_bucket",
                    "depends_on": [],
                    "primary": {
                        "id": "my-tf-test-bucket-cit",
                        "attributes": {
                            "acceleration_status": "",
                            "acl": "private",
                            "arn": "arn:aws:s3:::my-tf-test-bucket-cit",
                            "bucket": "my-tf-test-bucket-cit",
                            "bucket_domain_name": "my-tf-test-bucket-cit.s3.amazonaws.com",
                            "bucket_regional_domain_name": "my-tf-test-bucket-cit.s3.us-east-2.amazonaws.com",
                            "cors_rule.#": "0",
                            "force_destroy": "false",
                            "hosted_zone_id": "Z2O1EMRO9K5GLX",
                            "id": "my-tf-test-bucket-cit",
                            "lifecycle_rule.#": "0",
                            "logging.#": "0",
                            "region": "us-east-2",
                            "replication_configuration.#": "0",
                            "request_payer": "BucketOwner",
                            "server_side_encryption_configuration.#": "0",
                            "tags.%": "2",
                            "tags.Environment": "Dev",
                            "tags.Name": "My bucket",
                            "versioning.#": "1",
                            "versioning.0.enabled": "false",
                            "versioning.0.mfa_delete": "false",
                            "website.#": "0"
                        },
                        "meta": {},
                        "tainted": false
                    },
                    "deposed": [],
                    "provider": "provider.aws"
                }
            },
            "depends_on": []
        }
    ]
}
