{
    "version": 3,
    "terraform_version": "0.11.10",
    "serial": 4,
    "lineage": "16e877a7-6d6f-926c-2a31-0ba0692fd483",
    "modules": [
        {
            "path": [
                "root"
            ],
            "outputs": {},
            "resources": {},
            "depends_on": []
        },
        {
            "path": [
                "root",
                "a"
            ],
            "outputs": {
                "vpc_id": {
                    "sensitive": false,
                    "type": "string",
                    "value": "vpc-0ed6665b792c413bb"
                }
            },
            "resources": {
                "aws_vpc.main": {
                    "type": "aws_vpc",
                    "depends_on": [],
                    "primary": {
                        "id": "vpc-0ed6665b792c413bb",
                        "attributes": {
                            "arn": "arn:aws:ec2:us-east-2:973714476881:vpc/vpc-0ed6665b792c413bb",
                            "assign_generated_ipv6_cidr_block": "false",
                            "cidr_block": "10.5.0.0/22",
                            "default_network_acl_id": "acl-0f91c9780375a74dc",
                            "default_route_table_id": "rtb-03ecee4a75621ac56",
                            "default_security_group_id": "sg-05832133eabcb1042",
                            "dhcp_options_id": "dopt-8b9d94e2",
                            "enable_dns_hostnames": "false",
                            "enable_dns_support": "true",
                            "id": "vpc-0ed6665b792c413bb",
                            "instance_tenancy": "default",
                            "ipv6_association_id": "",
                            "ipv6_cidr_block": "",
                            "main_route_table_id": "rtb-03ecee4a75621ac56",
                            "owner_id": "973714476881",
                            "tags.%": "0"
                        },
                        "meta": {
                            "schema_version": "1"
                        },
                        "tainted": false
                    },
                    "deposed": [],
                    "provider": "provider.aws"
                }
            },
            "depends_on": []
        },
        {
            "path": [
                "root",
                "b"
            ],
            "outputs": {},
            "resources": {
                "aws_subnet.main": {
                    "type": "aws_subnet",
                    "depends_on": [],
                    "primary": {
                        "id": "subnet-044fa808f52374d0b",
                        "attributes": {
                            "arn": "arn:aws:ec2:us-east-2:973714476881:subnet/subnet-044fa808f52374d0b",
                            "assign_ipv6_address_on_creation": "false",
                            "availability_zone": "us-east-2b",
                            "availability_zone_id": "use2-az2",
                            "cidr_block": "10.5.1.0/24",
                            "id": "subnet-044fa808f52374d0b",
                            "ipv6_cidr_block": "",
                            "ipv6_cidr_block_association_id": "",
                            "map_public_ip_on_launch": "false",
                            "owner_id": "973714476881",
                            "tags.%": "0",
                            "vpc_id": "vpc-0ed6665b792c413bb"
                        },
                        "meta": {
                            "e2bfb730-ecaa-11e6-8f88-34363bc7c4c0": {
                                "create": 600000000000,
                                "delete": 600000000000
                            },
                            "schema_version": "1"
                        },
                        "tainted": false
                    },
                    "deposed": [],
                    "provider": "provider.aws"
                }
            },
            "depends_on": []
        }
    ]
}
